
Microsoft Visual Studio Solution File, Format Version 12.00
# Visual Studio 15
VisualStudioVersion = 15.0.26403.3
MinimumVisualStudioVersion = 10.0.40219.1
Project("{FAE04EC0-301F-11D3-BF4B-00C04F79EFBC}") = "TccWposMvx4.Core", "TccWposMvx4.Core\TccWposMvx4.Core.csproj", "{67F9D3A8-F71E-4428-913F-C37AE82CDB24}"
EndProject
Project("{FAE04EC0-301F-11D3-BF4B-00C04F79EFBC}") = "TccWposMvx4.Droid", "TccWposMvx4.Droid\TccWposMvx4.Droid.csproj", "{8735B2A6-748F-4291-A36D-036B095E85CD}"
EndProject
Project("{FAE04EC0-301F-11D3-BF4B-00C04F79EFBC}") = "TccWposMvx4.iOS", "TccWposMvx4.iOS\TccWposMvx4.iOS.csproj", "{8BC2B664-62C3-4B13-94EB-981EC963B8D2}"
EndProject
Project("{FAE04EC0-301F-11D3-BF4B-00C04F79EFBC}") = "TccWposMvx4.UWP", "TccWposMvx4.UWP\TccWposMvx4.UWP.csproj", "{309C578C-6CCE-4B90-8CB6-825838EF7726}"
EndProject
Global
	GlobalSection(SolutionConfigurationPlatforms) = preSolution
		Ad-Hoc|Any CPU = Ad-Hoc|Any CPU
		Ad-Hoc|ARM = Ad-Hoc|ARM
		Ad-Hoc|iPhone = Ad-Hoc|iPhone
		Ad-Hoc|iPhoneSimulator = Ad-Hoc|iPhoneSimulator
		Ad-Hoc|x64 = Ad-Hoc|x64
		Ad-Hoc|x86 = Ad-Hoc|x86
		AppStore|Any CPU = AppStore|Any CPU
		AppStore|ARM = AppStore|ARM
		AppStore|iPhone = AppStore|iPhone
		AppStore|iPhoneSimulator = AppStore|iPhoneSimulator
		AppStore|x64 = AppStore|x64
		AppStore|x86 = AppStore|x86
		Debug|Any CPU = Debug|Any CPU
		Debug|ARM = Debug|ARM
		Debug|iPhone = Debug|iPhone
		Debug|iPhoneSimulator = Debug|iPhoneSimulator
		Debug|x64 = Debug|x64
		Debug|x86 = Debug|x86
		Release|Any CPU = Release|Any CPU
		Release|ARM = Release|ARM
		Release|iPhone = Release|iPhone
		Release|iPhoneSimulator = Release|iPhoneSimulator
		Release|x64 = Release|x64
		Release|x86 = Release|x86
	EndGlobalSection
	GlobalSection(ProjectConfigurationPlatforms) = postSolution
		{67F9D3A8-F71E-4428-913F-C37AE82CDB24}.Ad-Hoc|Any CPU.ActiveCfg = Release|Any CPU
		{67F9D3A8-F71E-4428-913F-C37AE82CDB24}.Ad-Hoc|Any CPU.Build.0 = Release|Any CPU
		{67F9D3A8-F71E-4428-913F-C37AE82CDB24}.Ad-Hoc|ARM.ActiveCfg = Release|Any CPU
		{67F9D3A8-F71E-4428-913F-C37AE82CDB24}.Ad-Hoc|ARM.Build.0 = Release|Any CPU
		{67F9D3A8-F71E-4428-913F-C37AE82CDB24}.Ad-Hoc|iPhone.ActiveCfg = Release|Any CPU
		{67F9D3A8-F71E-4428-913F-C37AE82CDB24}.Ad-Hoc|iPhone.Build.0 = Release|Any CPU
		{67F9D3A8-F71E-4428-913F-C37AE82CDB24}.Ad-Hoc|iPhoneSimulator.ActiveCfg = Release|Any CPU
		{67F9D3A8-F71E-4428-913F-C37AE82CDB24}.Ad-Hoc|iPhoneSimulator.Build.0 = Release|Any CPU
		{67F9D3A8-F71E-4428-913F-C37AE82CDB24}.Ad-Hoc|x64.ActiveCfg = Release|Any CPU
		{67F9D3A8-F71E-4428-913F-C37AE82CDB24}.Ad-Hoc|x64.Build.0 = Release|Any CPU
		{67F9D3A8-F71E-4428-913F-C37AE82CDB24}.Ad-Hoc|x86.ActiveCfg = Release|Any CPU
		{67F9D3A8-F71E-4428-913F-C37AE82CDB24}.Ad-Hoc|x86.Build.0 = Release|Any CPU
		{67F9D3A8-F71E-4428-913F-C37AE82CDB24}.AppStore|Any CPU.ActiveCfg = Release|Any CPU
		{67F9D3A8-F71E-4428-913F-C37AE82CDB24}.AppStore|Any CPU.Build.0 = Release|Any CPU
		{67F9D3A8-F71E-4428-913F-C37AE82CDB24}.AppStore|ARM.ActiveCfg = Release|Any CPU
		{67F9D3A8-F71E-4428-913F-C37AE82CDB24}.AppStore|ARM.Build.0 = Release|Any CPU
		{67F9D3A8-F71E-4428-913F-C37AE82CDB24}.AppStore|iPhone.ActiveCfg = Release|Any CPU
		{67F9D3A8-F71E-4428-913F-C37AE82CDB24}.AppStore|iPhone.Build.0 = Release|Any CPU
		{67F9D3A8-F71E-4428-913F-C37AE82CDB24}.AppStore|iPhoneSimulator.ActiveCfg = Release|Any CPU
		{67F9D3A8-F71E-4428-913F-C37AE82CDB24}.AppStore|iPhoneSimulator.Build.0 = Release|Any CPU
		{67F9D3A8-F71E-4428-913F-C37AE82CDB24}.AppStore|x64.ActiveCfg = Release|Any CPU
		{67F9D3A8-F71E-4428-913F-C37AE82CDB24}.AppStore|x64.Build.0 = Release|Any CPU
		{67F9D3A8-F71E-4428-913F-C37AE82CDB24}.AppStore|x86.ActiveCfg = Release|Any CPU
		{67F9D3A8-F71E-4428-913F-C37AE82CDB24}.AppStore|x86.Build.0 = Release|Any CPU
		{67F9D3A8-F71E-4428-913F-C37AE82CDB24}.Debug|Any CPU.ActiveCfg = Debug|Any CPU
		{67F9D3A8-F71E-4428-913F-C37AE82CDB24}.Debug|Any CPU.Build.0 = Debug|Any CPU
		{67F9D3A8-F71E-4428-913F-C37AE82CDB24}.Debug|ARM.ActiveCfg = Debug|Any CPU
		{67F9D3A8-F71E-4428-913F-C37AE82CDB24}.Debug|ARM.Build.0 = Debug|Any CPU
		{67F9D3A8-F71E-4428-913F-C37AE82CDB24}.Debug|iPhone.ActiveCfg = Debug|Any CPU
		{67F9D3A8-F71E-4428-913F-C37AE82CDB24}.Debug|iPhone.Build.0 = Debug|Any CPU
		{67F9D3A8-F71E-4428-913F-C37AE82CDB24}.Debug|iPhoneSimulator.ActiveCfg = Debug|Any CPU
		{67F9D3A8-F71E-4428-913F-C37AE82CDB24}.Debug|iPhoneSimulator.Build.0 = Debug|Any CPU
		{67F9D3A8-F71E-4428-913F-C37AE82CDB24}.Debug|x64.ActiveCfg = Debug|Any CPU
		{67F9D3A8-F71E-4428-913F-C37AE82CDB24}.Debug|x64.Build.0 = Debug|Any CPU
		{67F9D3A8-F71E-4428-913F-C37AE82CDB24}.Debug|x86.ActiveCfg = Debug|Any CPU
		{67F9D3A8-F71E-4428-913F-C37AE82CDB24}.Debug|x86.Build.0 = Debug|Any CPU
		{67F9D3A8-F71E-4428-913F-C37AE82CDB24}.Release|Any CPU.ActiveCfg = Release|Any CPU
		{67F9D3A8-F71E-4428-913F-C37AE82CDB24}.Release|Any CPU.Build.0 = Release|Any CPU
		{67F9D3A8-F71E-4428-913F-C37AE82CDB24}.Release|ARM.ActiveCfg = Release|Any CPU
		{67F9D3A8-F71E-4428-913F-C37AE82CDB24}.Release|ARM.Build.0 = Release|Any CPU
		{67F9D3A8-F71E-4428-913F-C37AE82CDB24}.Release|iPhone.ActiveCfg = Release|Any CPU
		{67F9D3A8-F71E-4428-913F-C37AE82CDB24}.Release|iPhone.Build.0 = Release|Any CPU
		{67F9D3A8-F71E-4428-913F-C37AE82CDB24}.Release|iPhoneSimulator.ActiveCfg = Release|Any CPU
		{67F9D3A8-F71E-4428-913F-C37AE82CDB24}.Release|iPhoneSimulator.Build.0 = Release|Any CPU
		{67F9D3A8-F71E-4428-913F-C37AE82CDB24}.Release|x64.ActiveCfg = Release|Any CPU
		{67F9D3A8-F71E-4428-913F-C37AE82CDB24}.Release|x64.Build.0 = Release|Any CPU
		{67F9D3A8-F71E-4428-913F-C37AE82CDB24}.Release|x86.ActiveCfg = Release|Any CPU
		{67F9D3A8-F71E-4428-913F-C37AE82CDB24}.Release|x86.Build.0 = Release|Any CPU
		{8735B2A6-748F-4291-A36D-036B095E85CD}.Ad-Hoc|Any CPU.ActiveCfg = Release|Any CPU
		{8735B2A6-748F-4291-A36D-036B095E85CD}.Ad-Hoc|Any CPU.Build.0 = Release|Any CPU
		{8735B2A6-748F-4291-A36D-036B095E85CD}.Ad-Hoc|Any CPU.Deploy.0 = Release|Any CPU
		{8735B2A6-748F-4291-A36D-036B095E85CD}.Ad-Hoc|ARM.ActiveCfg = Release|Any CPU
		{8735B2A6-748F-4291-A36D-036B095E85CD}.Ad-Hoc|ARM.Build.0 = Release|Any CPU
		{8735B2A6-748F-4291-A36D-036B095E85CD}.Ad-Hoc|ARM.Deploy.0 = Release|Any CPU
		{8735B2A6-748F-4291-A36D-036B095E85CD}.Ad-Hoc|iPhone.ActiveCfg = Release|Any CPU
		{8735B2A6-748F-4291-A36D-036B095E85CD}.Ad-Hoc|iPhone.Build.0 = Release|Any CPU
		{8735B2A6-748F-4291-A36D-036B095E85CD}.Ad-Hoc|iPhone.Deploy.0 = Release|Any CPU
		{8735B2A6-748F-4291-A36D-036B095E85CD}.Ad-Hoc|iPhoneSimulator.ActiveCfg = Release|Any CPU
		{8735B2A6-748F-4291-A36D-036B095E85CD}.Ad-Hoc|iPhoneSimulator.Build.0 = Release|Any CPU
		{8735B2A6-748F-4291-A36D-036B095E85CD}.Ad-Hoc|iPhoneSimulator.Deploy.0 = Release|Any CPU
		{8735B2A6-748F-4291-A36D-036B095E85CD}.Ad-Hoc|x64.ActiveCfg = Release|Any CPU
		{8735B2A6-748F-4291-A36D-036B095E85CD}.Ad-Hoc|x64.Build.0 = Release|Any CPU
		{8735B2A6-748F-4291-A36D-036B095E85CD}.Ad-Hoc|x64.Deploy.0 = Release|Any CPU
		{8735B2A6-748F-4291-A36D-036B095E85CD}.Ad-Hoc|x86.ActiveCfg = Release|Any CPU
		{8735B2A6-748F-4291-A36D-036B095E85CD}.Ad-Hoc|x86.Build.0 = Release|Any CPU
		{8735B2A6-748F-4291-A36D-036B095E85CD}.Ad-Hoc|x86.Deploy.0 = Release|Any CPU
		{8735B2A6-748F-4291-A36D-036B095E85CD}.AppStore|Any CPU.ActiveCfg = Release|Any CPU
		{8735B2A6-748F-4291-A36D-036B095E85CD}.AppStore|Any CPU.Build.0 = Release|Any CPU
		{8735B2A6-748F-4291-A36D-036B095E85CD}.AppStore|Any CPU.Deploy.0 = Release|Any CPU
		{8735B2A6-748F-4291-A36D-036B095E85CD}.AppStore|ARM.ActiveCfg = Release|Any CPU
		{8735B2A6-748F-4291-A36D-036B095E85CD}.AppStore|ARM.Build.0 = Release|Any CPU
		{8735B2A6-748F-4291-A36D-036B095E85CD}.AppStore|ARM.Deploy.0 = Release|Any CPU
		{8735B2A6-748F-4291-A36D-036B095E85CD}.AppStore|iPhone.ActiveCfg = Release|Any CPU
		{8735B2A6-748F-4291-A36D-036B095E85CD}.AppStore|iPhone.Build.0 = Release|Any CPU
		{8735B2A6-748F-4291-A36D-036B095E85CD}.AppStore|iPhone.Deploy.0 = Release|Any CPU
		{8735B2A6-748F-4291-A36D-036B095E85CD}.AppStore|iPhoneSimulator.ActiveCfg = Release|Any CPU
		{8735B2A6-748F-4291-A36D-036B095E85CD}.AppStore|iPhoneSimulator.Build.0 = Release|Any CPU
		{8735B2A6-748F-4291-A36D-036B095E85CD}.AppStore|iPhoneSimulator.Deploy.0 = Release|Any CPU
		{8735B2A6-748F-4291-A36D-036B095E85CD}.AppStore|x64.ActiveCfg = Release|Any CPU
		{8735B2A6-748F-4291-A36D-036B095E85CD}.AppStore|x64.Build.0 = Release|Any CPU
		{8735B2A6-748F-4291-A36D-036B095E85CD}.AppStore|x64.Deploy.0 = Release|Any CPU
		{8735B2A6-748F-4291-A36D-036B095E85CD}.AppStore|x86.ActiveCfg = Release|Any CPU
		{8735B2A6-748F-4291-A36D-036B095E85CD}.AppStore|x86.Build.0 = Release|Any CPU
		{8735B2A6-748F-4291-A36D-036B095E85CD}.AppStore|x86.Deploy.0 = Release|Any CPU
		{8735B2A6-748F-4291-A36D-036B095E85CD}.Debug|Any CPU.ActiveCfg = Debug|Any CPU
		{8735B2A6-748F-4291-A36D-036B095E85CD}.Debug|Any CPU.Build.0 = Debug|Any CPU
		{8735B2A6-748F-4291-A36D-036B095E85CD}.Debug|Any CPU.Deploy.0 = Debug|Any CPU
		{8735B2A6-748F-4291-A36D-036B095E85CD}.Debug|ARM.ActiveCfg = Debug|Any CPU
		{8735B2A6-748F-4291-A36D-036B095E85CD}.Debug|ARM.Build.0 = Debug|Any CPU
		{8735B2A6-748F-4291-A36D-036B095E85CD}.Debug|ARM.Deploy.0 = Debug|Any CPU
		{8735B2A6-748F-4291-A36D-036B095E85CD}.Debug|iPhone.ActiveCfg = Debug|Any CPU
		{8735B2A6-748F-4291-A36D-036B095E85CD}.Debug|iPhone.Build.0 = Debug|Any CPU
		{8735B2A6-748F-4291-A36D-036B095E85CD}.Debug|iPhone.Deploy.0 = Debug|Any CPU
		{8735B2A6-748F-4291-A36D-036B095E85CD}.Debug|iPhoneSimulator.ActiveCfg = Debug|Any CPU
		{8735B2A6-748F-4291-A36D-036B095E85CD}.Debug|iPhoneSimulator.Build.0 = Debug|Any CPU
		{8735B2A6-748F-4291-A36D-036B095E85CD}.Debug|iPhoneSimulator.Deploy.0 = Debug|Any CPU
		{8735B2A6-748F-4291-A36D-036B095E85CD}.Debug|x64.ActiveCfg = Debug|Any CPU
		{8735B2A6-748F-4291-A36D-036B095E85CD}.Debug|x64.Build.0 = Debug|Any CPU
		{8735B2A6-748F-4291-A36D-036B095E85CD}.Debug|x64.Deploy.0 = Debug|Any CPU
		{8735B2A6-748F-4291-A36D-036B095E85CD}.Debug|x86.ActiveCfg = Debug|Any CPU
		{8735B2A6-748F-4291-A36D-036B095E85CD}.Debug|x86.Build.0 = Debug|Any CPU
		{8735B2A6-748F-4291-A36D-036B095E85CD}.Debug|x86.Deploy.0 = Debug|Any CPU
		{8735B2A6-748F-4291-A36D-036B095E85CD}.Release|Any CPU.ActiveCfg = Release|Any CPU
		{8735B2A6-748F-4291-A36D-036B095E85CD}.Release|Any CPU.Build.0 = Release|Any CPU
		{8735B2A6-748F-4291-A36D-036B095E85CD}.Release|Any CPU.Deploy.0 = Release|Any CPU
		{8735B2A6-748F-4291-A36D-036B095E85CD}.Release|ARM.ActiveCfg = Release|Any CPU
		{8735B2A6-748F-4291-A36D-036B095E85CD}.Release|ARM.Build.0 = Release|Any CPU
		{8735B2A6-748F-4291-A36D-036B095E85CD}.Release|ARM.Deploy.0 = Release|Any CPU
		{8735B2A6-748F-4291-A36D-036B095E85CD}.Release|iPhone.ActiveCfg = Release|Any CPU
		{8735B2A6-748F-4291-A36D-036B095E85CD}.Release|iPhone.Build.0 = Release|Any CPU
		{8735B2A6-748F-4291-A36D-036B095E85CD}.Release|iPhone.Deploy.0 = Release|Any CPU
		{8735B2A6-748F-4291-A36D-036B095E85CD}.Release|iPhoneSimulator.ActiveCfg = Release|Any CPU
		{8735B2A6-748F-4291-A36D-036B095E85CD}.Release|iPhoneSimulator.Build.0 = Release|Any CPU
		{8735B2A6-748F-4291-A36D-036B095E85CD}.Release|iPhoneSimulator.Deploy.0 = Release|Any CPU
		{8735B2A6-748F-4291-A36D-036B095E85CD}.Release|x64.ActiveCfg = Release|Any CPU
		{8735B2A6-748F-4291-A36D-036B095E85CD}.Release|x64.Build.0 = Release|Any CPU
		{8735B2A6-748F-4291-A36D-036B095E85CD}.Release|x64.Deploy.0 = Release|Any CPU
		{8735B2A6-748F-4291-A36D-036B095E85CD}.Release|x86.ActiveCfg = Release|Any CPU
		{8735B2A6-748F-4291-A36D-036B095E85CD}.Release|x86.Build.0 = Release|Any CPU
		{8735B2A6-748F-4291-A36D-036B095E85CD}.Release|x86.Deploy.0 = Release|Any CPU
		{8BC2B664-62C3-4B13-94EB-981EC963B8D2}.Ad-Hoc|Any CPU.ActiveCfg = Ad-Hoc|iPhone
		{8BC2B664-62C3-4B13-94EB-981EC963B8D2}.Ad-Hoc|ARM.ActiveCfg = Ad-Hoc|iPhone
		{8BC2B664-62C3-4B13-94EB-981EC963B8D2}.Ad-Hoc|iPhone.ActiveCfg = Ad-Hoc|iPhone
		{8BC2B664-62C3-4B13-94EB-981EC963B8D2}.Ad-Hoc|iPhone.Build.0 = Ad-Hoc|iPhone
		{8BC2B664-62C3-4B13-94EB-981EC963B8D2}.Ad-Hoc|iPhoneSimulator.ActiveCfg = Ad-Hoc|iPhoneSimulator
		{8BC2B664-62C3-4B13-94EB-981EC963B8D2}.Ad-Hoc|iPhoneSimulator.Build.0 = Ad-Hoc|iPhoneSimulator
		{8BC2B664-62C3-4B13-94EB-981EC963B8D2}.Ad-Hoc|x64.ActiveCfg = Ad-Hoc|iPhone
		{8BC2B664-62C3-4B13-94EB-981EC963B8D2}.Ad-Hoc|x86.ActiveCfg = Ad-Hoc|iPhone
		{8BC2B664-62C3-4B13-94EB-981EC963B8D2}.AppStore|Any CPU.ActiveCfg = AppStore|iPhone
		{8BC2B664-62C3-4B13-94EB-981EC963B8D2}.AppStore|ARM.ActiveCfg = AppStore|iPhone
		{8BC2B664-62C3-4B13-94EB-981EC963B8D2}.AppStore|iPhone.ActiveCfg = AppStore|iPhone
		{8BC2B664-62C3-4B13-94EB-981EC963B8D2}.AppStore|iPhone.Build.0 = AppStore|iPhone
		{8BC2B664-62C3-4B13-94EB-981EC963B8D2}.AppStore|iPhoneSimulator.ActiveCfg = AppStore|iPhoneSimulator
		{8BC2B664-62C3-4B13-94EB-981EC963B8D2}.AppStore|iPhoneSimulator.Build.0 = AppStore|iPhoneSimulator
		{8BC2B664-62C3-4B13-94EB-981EC963B8D2}.AppStore|x64.ActiveCfg = AppStore|iPhone
		{8BC2B664-62C3-4B13-94EB-981EC963B8D2}.AppStore|x86.ActiveCfg = AppStore|iPhone
		{8BC2B664-62C3-4B13-94EB-981EC963B8D2}.Debug|Any CPU.ActiveCfg = Debug|iPhone
		{8BC2B664-62C3-4B13-94EB-981EC963B8D2}.Debug|ARM.ActiveCfg = Debug|iPhone
		{8BC2B664-62C3-4B13-94EB-981EC963B8D2}.Debug|iPhone.ActiveCfg = Debug|iPhone
		{8BC2B664-62C3-4B13-94EB-981EC963B8D2}.Debug|iPhone.Build.0 = Debug|iPhone
		{8BC2B664-62C3-4B13-94EB-981EC963B8D2}.Debug|iPhoneSimulator.ActiveCfg = Debug|iPhoneSimulator
		{8BC2B664-62C3-4B13-94EB-981EC963B8D2}.Debug|iPhoneSimulator.Build.0 = Debug|iPhoneSimulator
		{8BC2B664-62C3-4B13-94EB-981EC963B8D2}.Debug|x64.ActiveCfg = Debug|iPhone
		{8BC2B664-62C3-4B13-94EB-981EC963B8D2}.Debug|x86.ActiveCfg = Debug|iPhone
		{8BC2B664-62C3-4B13-94EB-981EC963B8D2}.Release|Any CPU.ActiveCfg = Release|iPhone
		{8BC2B664-62C3-4B13-94EB-981EC963B8D2}.Release|ARM.ActiveCfg = Release|iPhone
		{8BC2B664-62C3-4B13-94EB-981EC963B8D2}.Release|iPhone.ActiveCfg = Release|iPhone
		{8BC2B664-62C3-4B13-94EB-981EC963B8D2}.Release|iPhone.Build.0 = Release|iPhone
		{8BC2B664-62C3-4B13-94EB-981EC963B8D2}.Release|iPhoneSimulator.ActiveCfg = Release|iPhoneSimulator
		{8BC2B664-62C3-4B13-94EB-981EC963B8D2}.Release|iPhoneSimulator.Build.0 = Release|iPhoneSimulator
		{8BC2B664-62C3-4B13-94EB-981EC963B8D2}.Release|x64.ActiveCfg = Release|iPhone
		{8BC2B664-62C3-4B13-94EB-981EC963B8D2}.Release|x86.ActiveCfg = Release|iPhone
		{309C578C-6CCE-4B90-8CB6-825838EF7726}.Ad-Hoc|Any CPU.ActiveCfg = Release|x64
		{309C578C-6CCE-4B90-8CB6-825838EF7726}.Ad-Hoc|Any CPU.Build.0 = Release|x64
		{309C578C-6CCE-4B90-8CB6-825838EF7726}.Ad-Hoc|Any CPU.Deploy.0 = Release|x64
		{309C578C-6CCE-4B90-8CB6-825838EF7726}.Ad-Hoc|ARM.ActiveCfg = Release|ARM
		{309C578C-6CCE-4B90-8CB6-825838EF7726}.Ad-Hoc|ARM.Build.0 = Release|ARM
		{309C578C-6CCE-4B90-8CB6-825838EF7726}.Ad-Hoc|ARM.Deploy.0 = Release|ARM
		{309C578C-6CCE-4B90-8CB6-825838EF7726}.Ad-Hoc|iPhone.ActiveCfg = Release|x64
		{309C578C-6CCE-4B90-8CB6-825838EF7726}.Ad-Hoc|iPhone.Build.0 = Release|x64
		{309C578C-6CCE-4B90-8CB6-825838EF7726}.Ad-Hoc|iPhone.Deploy.0 = Release|x64
		{309C578C-6CCE-4B90-8CB6-825838EF7726}.Ad-Hoc|iPhoneSimulator.ActiveCfg = Release|x64
		{309C578C-6CCE-4B90-8CB6-825838EF7726}.Ad-Hoc|iPhoneSimulator.Build.0 = Release|x64
		{309C578C-6CCE-4B90-8CB6-825838EF7726}.Ad-Hoc|iPhoneSimulator.Deploy.0 = Release|x64
		{309C578C-6CCE-4B90-8CB6-825838EF7726}.Ad-Hoc|x64.ActiveCfg = Release|x64
		{309C578C-6CCE-4B90-8CB6-825838EF7726}.Ad-Hoc|x64.Build.0 = Release|x64
		{309C578C-6CCE-4B90-8CB6-825838EF7726}.Ad-Hoc|x64.Deploy.0 = Release|x64
		{309C578C-6CCE-4B90-8CB6-825838EF7726}.Ad-Hoc|x86.ActiveCfg = Release|x86
		{309C578C-6CCE-4B90-8CB6-825838EF7726}.Ad-Hoc|x86.Build.0 = Release|x86
		{309C578C-6CCE-4B90-8CB6-825838EF7726}.Ad-Hoc|x86.Deploy.0 = Release|x86
		{309C578C-6CCE-4B90-8CB6-825838EF7726}.AppStore|Any CPU.ActiveCfg = Release|x64
		{309C578C-6CCE-4B90-8CB6-825838EF7726}.AppStore|Any CPU.Build.0 = Release|x64
		{309C578C-6CCE-4B90-8CB6-825838EF7726}.AppStore|Any CPU.Deploy.0 = Release|x64
		{309C578C-6CCE-4B90-8CB6-825838EF7726}.AppStore|ARM.ActiveCfg = Release|ARM
		{309C578C-6CCE-4B90-8CB6-825838EF7726}.AppStore|ARM.Build.0 = Release|ARM
		{309C578C-6CCE-4B90-8CB6-825838EF7726}.AppStore|ARM.Deploy.0 = Release|ARM
		{309C578C-6CCE-4B90-8CB6-825838EF7726}.AppStore|iPhone.ActiveCfg = Release|x64
		{309C578C-6CCE-4B90-8CB6-825838EF7726}.AppStore|iPhone.Build.0 = Release|x64
		{309C578C-6CCE-4B90-8CB6-825838EF7726}.AppStore|iPhone.Deploy.0 = Release|x64
		{309C578C-6CCE-4B90-8CB6-825838EF7726}.AppStore|iPhoneSimulator.ActiveCfg = Release|x64
		{309C578C-6CCE-4B90-8CB6-825838EF7726}.AppStore|iPhoneSimulator.Build.0 = Release|x64
		{309C578C-6CCE-4B90-8CB6-825838EF7726}.AppStore|iPhoneSimulator.Deploy.0 = Release|x64
		{309C578C-6CCE-4B90-8CB6-825838EF7726}.AppStore|x64.ActiveCfg = Release|x64
		{309C578C-6CCE-4B90-8CB6-825838EF7726}.AppStore|x64.Build.0 = Release|x64
		{309C578C-6CCE-4B90-8CB6-825838EF7726}.AppStore|x64.Deploy.0 = Release|x64
		{309C578C-6CCE-4B90-8CB6-825838EF7726}.AppStore|x86.ActiveCfg = Release|x86
		{309C578C-6CCE-4B90-8CB6-825838EF7726}.AppStore|x86.Build.0 = Release|x86
		{309C578C-6CCE-4B90-8CB6-825838EF7726}.AppStore|x86.Deploy.0 = Release|x86
		{309C578C-6CCE-4B90-8CB6-825838EF7726}.Debug|Any CPU.ActiveCfg = Debug|x86
		{309C578C-6CCE-4B90-8CB6-825838EF7726}.Debug|ARM.ActiveCfg = Debug|ARM
		{309C578C-6CCE-4B90-8CB6-825838EF7726}.Debug|ARM.Build.0 = Debug|ARM
		{309C578C-6CCE-4B90-8CB6-825838EF7726}.Debug|ARM.Deploy.0 = Debug|ARM
		{309C578C-6CCE-4B90-8CB6-825838EF7726}.Debug|iPhone.ActiveCfg = Debug|x86
		{309C578C-6CCE-4B90-8CB6-825838EF7726}.Debug|iPhoneSimulator.ActiveCfg = Debug|x86
		{309C578C-6CCE-4B90-8CB6-825838EF7726}.Debug|x64.ActiveCfg = Debug|x64
		{309C578C-6CCE-4B90-8CB6-825838EF7726}.Debug|x64.Build.0 = Debug|x64
		{309C578C-6CCE-4B90-8CB6-825838EF7726}.Debug|x64.Deploy.0 = Debug|x64
		{309C578C-6CCE-4B90-8CB6-825838EF7726}.Debug|x86.ActiveCfg = Debug|x86
		{309C578C-6CCE-4B90-8CB6-825838EF7726}.Debug|x86.Build.0 = Debug|x86
		{309C578C-6CCE-4B90-8CB6-825838EF7726}.Debug|x86.Deploy.0 = Debug|x86
		{309C578C-6CCE-4B90-8CB6-825838EF7726}.Release|Any CPU.ActiveCfg = Release|x86
		{309C578C-6CCE-4B90-8CB6-825838EF7726}.Release|ARM.ActiveCfg = Release|ARM
		{309C578C-6CCE-4B90-8CB6-825838EF7726}.Release|ARM.Build.0 = Release|ARM
		{309C578C-6CCE-4B90-8CB6-825838EF7726}.Release|ARM.Deploy.0 = Release|ARM
		{309C578C-6CCE-4B90-8CB6-825838EF7726}.Release|iPhone.ActiveCfg = Release|x86
		{309C578C-6CCE-4B90-8CB6-825838EF7726}.Release|iPhoneSimulator.ActiveCfg = Release|x86
		{309C578C-6CCE-4B90-8CB6-825838EF7726}.Release|x64.ActiveCfg = Release|x64
		{309C578C-6CCE-4B90-8CB6-825838EF7726}.Release|x64.Build.0 = Release|x64
		{309C578C-6CCE-4B90-8CB6-825838EF7726}.Release|x64.Deploy.0 = Release|x64
		{309C578C-6CCE-4B90-8CB6-825838EF7726}.Release|x86.ActiveCfg = Release|x86
		{309C578C-6CCE-4B90-8CB6-825838EF7726}.Release|x86.Build.0 = Release|x86
		{309C578C-6CCE-4B90-8CB6-825838EF7726}.Release|x86.Deploy.0 = Release|x86
	EndGlobalSection
	GlobalSection(SolutionProperties) = preSolution
		HideSolutionNode = FALSE
	EndGlobalSection
EndGlobal
